
Microsoft Visual Studio Solution File, Format Version 12.00
# Visual Studio Version 17
VisualStudioVersion = 17.13.35919.96
MinimumVisualStudioVersion = 10.0.40219.1
Project("{FAE04EC0-301F-11D3-BF4B-00C04F79EFBC}") = "Syddjurs", "Syddjurs\Syddjurs.csproj", "{4A188F20-3FDB-4D56-8ACE-AE78C03F91CE}"
EndProject
Global
	GlobalSection(SolutionConfigurationPlatforms) = preSolution
		Debug|Any CPU = Debug|Any CPU
		Release|Any CPU = Release|Any CPU
	EndGlobalSection
	GlobalSection(ProjectConfigurationPlatforms) = postSolution
		{4A188F20-3FDB-4D56-8ACE-AE78C03F91CE}.Debug|Any CPU.ActiveCfg = Debug|Any CPU
		{4A188F20-3FDB-4D56-8ACE-AE78C03F91CE}.Debug|Any CPU.Build.0 = Debug|Any CPU
		{4A188F20-3FDB-4D56-8ACE-AE78C03F91CE}.Debug|Any CPU.Deploy.0 = Debug|Any CPU
		{4A188F20-3FDB-4D56-8ACE-AE78C03F91CE}.Release|Any CPU.ActiveCfg = Release|Any CPU
		{4A188F20-3FDB-4D56-8ACE-AE78C03F91CE}.Release|Any CPU.Build.0 = Release|Any CPU
	EndGlobalSection
	GlobalSection(SolutionProperties) = preSolution
		HideSolutionNode = FALSE
	EndGlobalSection
	GlobalSection(ExtensibilityGlobals) = postSolution
		SolutionGuid = {3F1938E6-6993-4224-B687-A1CFCD092BB3}
	EndGlobalSection
EndGlobal
